
Microsoft Visual Studio Solution File, Format Version 12.00
# Visual Studio Version 16
VisualStudioVersion = 16.0.30320.27
MinimumVisualStudioVersion = 10.0.40219.1
Project("{FAE04EC0-301F-11D3-BF4B-00C04F79EFBC}") = "BlazorStaticDeploy", "BlazorStaticDeploy\BlazorStaticDeploy.csproj", "{E0F15AFE-5685-4EE7-B4B4-4C8C3D0B791D}"
EndProject
Global
	GlobalSection(SolutionConfigurationPlatforms) = preSolution
		Debug|Any CPU = Debug|Any CPU
		Release|Any CPU = Release|Any CPU
	EndGlobalSection
	GlobalSection(ProjectConfigurationPlatforms) = postSolution
		{E0F15AFE-5685-4EE7-B4B4-4C8C3D0B791D}.Debug|Any CPU.ActiveCfg = Debug|Any CPU
		{E0F15AFE-5685-4EE7-B4B4-4C8C3D0B791D}.Debug|Any CPU.Build.0 = Debug|Any CPU
		{E0F15AFE-5685-4EE7-B4B4-4C8C3D0B791D}.Release|Any CPU.ActiveCfg = Release|Any CPU
		{E0F15AFE-5685-4EE7-B4B4-4C8C3D0B791D}.Release|Any CPU.Build.0 = Release|Any CPU
	EndGlobalSection
	GlobalSection(SolutionProperties) = preSolution
		HideSolutionNode = FALSE
	EndGlobalSection
	GlobalSection(ExtensibilityGlobals) = postSolution
		SolutionGuid = {64D443E4-3265-46EB-A9D6-8F5ACF6A5C30}
	EndGlobalSection
EndGlobal
